
Microsoft Visual Studio Solution File, Format Version 12.00
# Visual Studio Version 16
VisualStudioVersion = 16.0.31624.102
MinimumVisualStudioVersion = 10.0.40219.1
Project("{9A19103F-16F7-4668-BE54-9A1E7A4F7556}") = "Basic", "Basic.csproj", "{3AB8B9CF-DEDB-479B-BAD2-AA340E27F2CB}"
EndProject
Project("{FAE04EC0-301F-11D3-BF4B-00C04F79EFBC}") = "IdentityExample", "..\IdentityExample\IdentityExample.csproj", "{1A057309-C2E0-41F4-B1D7-06033EBFEDBF}"
EndProject
Project("{FAE04EC0-301F-11D3-BF4B-00C04F79EFBC}") = "Api", "..\Api\Api.csproj", "{0C07CE25-7604-4341-8583-34027239E950}"
EndProject
Project("{FAE04EC0-301F-11D3-BF4B-00C04F79EFBC}") = "Client", "..\Client\Client.csproj", "{CE42C8A1-F3C5-43EB-9890-28CB06E40087}"
EndProject
Project("{FAE04EC0-301F-11D3-BF4B-00C04F79EFBC}") = "Server", "..\Server\Server.csproj", "{5E633CA9-DFA9-45A0-B983-C9E0E8BA46A5}"
EndProject
Global
	GlobalSection(SolutionConfigurationPlatforms) = preSolution
		Debug|Any CPU = Debug|Any CPU
		Release|Any CPU = Release|Any CPU
	EndGlobalSection
	GlobalSection(ProjectConfigurationPlatforms) = postSolution
		{3AB8B9CF-DEDB-479B-BAD2-AA340E27F2CB}.Debug|Any CPU.ActiveCfg = Debug|Any CPU
		{3AB8B9CF-DEDB-479B-BAD2-AA340E27F2CB}.Debug|Any CPU.Build.0 = Debug|Any CPU
		{3AB8B9CF-DEDB-479B-BAD2-AA340E27F2CB}.Release|Any CPU.ActiveCfg = Release|Any CPU
		{3AB8B9CF-DEDB-479B-BAD2-AA340E27F2CB}.Release|Any CPU.Build.0 = Release|Any CPU
		{1A057309-C2E0-41F4-B1D7-06033EBFEDBF}.Debug|Any CPU.ActiveCfg = Debug|Any CPU
		{1A057309-C2E0-41F4-B1D7-06033EBFEDBF}.Debug|Any CPU.Build.0 = Debug|Any CPU
		{1A057309-C2E0-41F4-B1D7-06033EBFEDBF}.Release|Any CPU.ActiveCfg = Release|Any CPU
		{1A057309-C2E0-41F4-B1D7-06033EBFEDBF}.Release|Any CPU.Build.0 = Release|Any CPU
		{0C07CE25-7604-4341-8583-34027239E950}.Debug|Any CPU.ActiveCfg = Debug|Any CPU
		{0C07CE25-7604-4341-8583-34027239E950}.Debug|Any CPU.Build.0 = Debug|Any CPU
		{0C07CE25-7604-4341-8583-34027239E950}.Release|Any CPU.ActiveCfg = Release|Any CPU
		{0C07CE25-7604-4341-8583-34027239E950}.Release|Any CPU.Build.0 = Release|Any CPU
		{CE42C8A1-F3C5-43EB-9890-28CB06E40087}.Debug|Any CPU.ActiveCfg = Debug|Any CPU
		{CE42C8A1-F3C5-43EB-9890-28CB06E40087}.Debug|Any CPU.Build.0 = Debug|Any CPU
		{CE42C8A1-F3C5-43EB-9890-28CB06E40087}.Release|Any CPU.ActiveCfg = Release|Any CPU
		{CE42C8A1-F3C5-43EB-9890-28CB06E40087}.Release|Any CPU.Build.0 = Release|Any CPU
		{5E633CA9-DFA9-45A0-B983-C9E0E8BA46A5}.Debug|Any CPU.ActiveCfg = Debug|Any CPU
		{5E633CA9-DFA9-45A0-B983-C9E0E8BA46A5}.Debug|Any CPU.Build.0 = Debug|Any CPU
		{5E633CA9-DFA9-45A0-B983-C9E0E8BA46A5}.Release|Any CPU.ActiveCfg = Release|Any CPU
		{5E633CA9-DFA9-45A0-B983-C9E0E8BA46A5}.Release|Any CPU.Build.0 = Release|Any CPU
	EndGlobalSection
	GlobalSection(SolutionProperties) = preSolution
		HideSolutionNode = FALSE
	EndGlobalSection
	GlobalSection(ExtensibilityGlobals) = postSolution
		SolutionGuid = {F1069FC3-8EA8-4FBC-B25D-992FF56E7A3A}
	EndGlobalSection
EndGlobal
